PODS:
  - Nimble (7.3.1)
  - PINCache (3.0.1-beta.6):
    - PINCache/Arc-exception-safe (= 3.0.1-beta.6)
    - PINCache/Core (= 3.0.1-beta.6)
  - PINCache/Arc-exception-safe (3.0.1-beta.6):
    - PINCache/Core
  - PINCache/Core (3.0.1-beta.6):
    - PINOperation (~> 1.1.0)
  - PINOperation (1.1.1)
  - PINRemoteImage/Core (3.0.0-beta.13):
    - PINOperation
  - PINRemoteImage/iOS (3.0.0-beta.13):
    - PINRemoteImage/Core
  - PINRemoteImage/PINCache (3.0.0-beta.13):
    - PINCache (= 3.0.1-beta.6)
    - PINRemoteImage/Core
  - Quick (1.3.2)
  - SVGPath (1.0.0)
  - SwiftLint (0.28.2)
  - Texture (2.7):
    - Texture/PINRemoteImage (= 2.7)
  - Texture/Core (2.7)
  - Texture/PINRemoteImage (2.7):
    - PINRemoteImage/iOS (= 3.0.0-beta.13)
    - PINRemoteImage/PINCache
    - Texture/Core

DEPENDENCIES:
  - Nimble (~> 7.3)
  - Quick (~> 1.3)
  - SVGPath (~> 1.0)
  - SwiftLint (~> 0.28)
  - Texture (~> 2.7)

SPEC REPOS:
  https://github.com/cocoapods/specs.git:
    - Nimble
    - PINCache
    - PINOperation
    - PINRemoteImage
    - Quick
    - SVGPath
    - SwiftLint
    - Texture

SPEC CHECKSUMS:
  Nimble: 04f732da099ea4d153122aec8c2a88fd0c7219ae
  PINCache: d195fdba255283f7e9900a55e3cced377f431f9b
  PINOperation: a6219e6fc9db9c269eb7a7b871ac193bcf400aac
  PINRemoteImage: d6d51c5d2adda55f1ce30c96e850b6c4ebd2856a
  Quick: 2623cb30d7a7f41ca62f684f679586558f483d46
  SVGPath: 369d11028db7c9a91d2f6fd4b6022c162665a232
  SwiftLint: f1629ae733b64e9cad20052de01d1debd5b640e7
  Texture: 9d7e38965cf22ccd7cd9c249dd78b3f14e70ab6c

PODFILE CHECKSUM: 4da5dcdd426286833908d31f0fe84c6ecf77a162

COCOAPODS: 1.5.3
